hash: 3bac322bc381a5013a153d996dbfa30c9c95b6b327fbbc1517d9e41a9ee87c81
updated: 2020-07-24T15:48:30.221979+08:00
imports:
- name: github.com/asmcos/requests
  version: 5384de75ad0b099fcc5c67cb34b4918efdcc8994
- name: github.com/BurntSushi/toml
  version: 3012a1dbe2e4bd1391d42b32f0577cb7bbc7f005
- name: github.com/go-sql-driver/mysql
  version: 17ef3dd9d98b69acec3e85878995ada9533a9370
- name: github.com/gomodule/redigo
  version: 9c11da706d9b7902c6da69c592f75637793fe121
  subpackages:
  - internal
  - redis
- name: github.com/jinzhu/gorm
  version: bf55f358c25885d2f4dc97d8a3a46b0c445288b9
- name: github.com/jinzhu/inflection
  version: f5c5f50e6090ae76a29240b61ae2a90dd810112e
- name: github.com/satori/go.uuid
  version: f58768cc1a7a7e77a3bd49e98cdd21419399b6a3
testImports: []
